PODS:
  - Alamofire (4.8.2)
  - ObjectMapper (3.4.2)
  - SDWebImage (4.4.6):
    - SDWebImage/Core (= 4.4.6)
  - SDWebImage/Core (4.4.6)
  - SVProgressHUD (2.2.5)
  - UAObfuscatedString (0.5.1)

DEPENDENCIES:
  - Alamofire
  - ObjectMapper
  - SDWebImage
  - SVProgressHUD
  - UAObfuscatedString

SPEC REPOS:
  https://github.com/cocoapods/specs.git:
    - Alamofire
    - ObjectMapper
    - SDWebImage
    - SVProgressHUD
    - UAObfuscatedString

SPEC CHECKSUMS:
  Alamofire: ae5c501addb7afdbb13687d7f2f722c78734c2d3
  ObjectMapper: 0d4402610f4e468903ae64629eec4784531e5c51
  SDWebImage: 3f3f0c02f09798048c47a5ed0a13f17b063572d8
  SVProgressHUD: 1428aafac632c1f86f62aa4243ec12008d7a51d6
  UAObfuscatedString: 34850d89100c7aff99129ee56acd433fa5ed3aef

PODFILE CHECKSUM: d509985cca94201304cc8c7240bec5d3d8e330e3

COCOAPODS: 1.6.1
